
Microsoft Visual Studio Solution File, Format Version 12.00
# Visual Studio Version 17
VisualStudioVersion = 17.4.33213.308
MinimumVisualStudioVersion = 10.0.40219.1
Project("{FAE04EC0-301F-11D3-BF4B-00C04F79EFBC}") = "ShopApp.Api", "ShopApp.Api\ShopApp.Api.csproj", "{15A74478-2AE3-4D91-8513-3990BBE85D89}"
EndProject
Project("{FAE04EC0-301F-11D3-BF4B-00C04F79EFBC}") = "ShopApi.Data", "ShopApi.Data\ShopApi.Data.csproj", "{F015AE45-8C98-4F77-89AA-027B66FAB67A}"
EndProject
Project("{FAE04EC0-301F-11D3-BF4B-00C04F79EFBC}") = "ShopApp.Core", "ShopApp.Core\ShopApp.Core.csproj", "{1C962043-832F-44C5-A453-ED51A94D23AA}"
EndProject
Global
	GlobalSection(SolutionConfigurationPlatforms) = preSolution
		Debug|Any CPU = Debug|Any CPU
		Release|Any CPU = Release|Any CPU
	EndGlobalSection
	GlobalSection(ProjectConfigurationPlatforms) = postSolution
		{15A74478-2AE3-4D91-8513-3990BBE85D89}.Debug|Any CPU.ActiveCfg = Debug|Any CPU
		{15A74478-2AE3-4D91-8513-3990BBE85D89}.Debug|Any CPU.Build.0 = Debug|Any CPU
		{15A74478-2AE3-4D91-8513-3990BBE85D89}.Release|Any CPU.ActiveCfg = Release|Any CPU
		{15A74478-2AE3-4D91-8513-3990BBE85D89}.Release|Any CPU.Build.0 = Release|Any CPU
		{F015AE45-8C98-4F77-89AA-027B66FAB67A}.Debug|Any CPU.ActiveCfg = Debug|Any CPU
		{F015AE45-8C98-4F77-89AA-027B66FAB67A}.Debug|Any CPU.Build.0 = Debug|Any CPU
		{F015AE45-8C98-4F77-89AA-027B66FAB67A}.Release|Any CPU.ActiveCfg = Release|Any CPU
		{F015AE45-8C98-4F77-89AA-027B66FAB67A}.Release|Any CPU.Build.0 = Release|Any CPU
		{1C962043-832F-44C5-A453-ED51A94D23AA}.Debug|Any CPU.ActiveCfg = Debug|Any CPU
		{1C962043-832F-44C5-A453-ED51A94D23AA}.Debug|Any CPU.Build.0 = Debug|Any CPU
		{1C962043-832F-44C5-A453-ED51A94D23AA}.Release|Any CPU.ActiveCfg = Release|Any CPU
		{1C962043-832F-44C5-A453-ED51A94D23AA}.Release|Any CPU.Build.0 = Release|Any CPU
	EndGlobalSection
	GlobalSection(SolutionProperties) = preSolution
		HideSolutionNode = FALSE
	EndGlobalSection
	GlobalSection(ExtensibilityGlobals) = postSolution
		SolutionGuid = {9BF6E186-7DBD-435F-AF03-C052633826F3}
	EndGlobalSection
EndGlobal
